
Microsoft Visual Studio Solution File, Format Version 12.00
# Visual Studio 15
Project("{FAE04EC0-301F-11D3-BF4B-00C04F79EFBC}") = "SimpleJsonTest", "SimpleJsonTest\SimpleJsonTest.csproj", "{CD06CE97-DDA2-484D-9B65-D47E09093582}"
EndProject
Project("{FAE04EC0-301F-11D3-BF4B-00C04F79EFBC}") = "SimpleJsonSerializer", "SimpleJson\SimpleJsonSerializer.csproj", "{71660B0C-D848-4852-9354-BF660D85FD23}"
EndProject
Global
	GlobalSection(SolutionConfigurationPlatforms) = preSolution
		Debug|Any CPU = Debug|Any CPU
		Release|Any CPU = Release|Any CPU
	EndGlobalSection
	GlobalSection(ProjectConfigurationPlatforms) = postSolution
		{CD06CE97-DDA2-484D-9B65-D47E09093582}.Debug|Any CPU.ActiveCfg = Debug|Any CPU
		{CD06CE97-DDA2-484D-9B65-D47E09093582}.Debug|Any CPU.Build.0 = Debug|Any CPU
		{CD06CE97-DDA2-484D-9B65-D47E09093582}.Release|Any CPU.ActiveCfg = Release|Any CPU
		{CD06CE97-DDA2-484D-9B65-D47E09093582}.Release|Any CPU.Build.0 = Release|Any CPU
		{71660B0C-D848-4852-9354-BF660D85FD23}.Debug|Any CPU.ActiveCfg = Debug|Any CPU
		{71660B0C-D848-4852-9354-BF660D85FD23}.Debug|Any CPU.Build.0 = Debug|Any CPU
		{71660B0C-D848-4852-9354-BF660D85FD23}.Release|Any CPU.ActiveCfg = Release|Any CPU
		{71660B0C-D848-4852-9354-BF660D85FD23}.Release|Any CPU.Build.0 = Release|Any CPU
	EndGlobalSection
EndGlobal
